// !$*UTF8*$!
{
	archiveVersion = 1;
	classes = {
	};
	objectVersion = 50;
	objects = {

/* Begin PBXBuildFile section */
		78623ADD26459B3C005908C1 /* RobotoMono-Medium.ttf in Resources */ = {isa = PBXBuildFile; fileRef = 78623ADC26459B3C005908C1 /* RobotoMono-Medium.ttf */; };
		78AD68C42641BE9E0037CB4B /* SlashDoc.swift in Sources */ = {isa = PBXBuildFile; fileRef = 78AD68C32641BE9E0037CB4B /* SlashDoc.swift */; };
		78AD68C72641BEC60037CB4B /* DocManager.swift in Sources */ = {isa = PBXBuildFile; fileRef = 78AD68C62641BEC60037CB4B /* DocManager.swift */; };
		78CDC8C42641AE0800724C6F /* AppDelegate.swift in Sources */ = {isa = PBXBuildFile; fileRef = 78CDC8C32641AE0800724C6F /* AppDelegate.swift */; };
		78CDC8C62641AE0800724C6F /* MainController.swift in Sources */ = {isa = PBXBuildFile; fileRef = 78CDC8C52641AE0800724C6F /* MainController.swift */; };
		78CDC8C82641AE0900724C6F /* Assets.xcassets in Resources */ = {isa = PBXBuildFile; fileRef = 78CDC8C72641AE0900724C6F /* Assets.xcassets */; };
		78CDC8CB2641AE0900724C6F /* Main.storyboard in Resources */ = {isa = PBXBuildFile; fileRef = 78CDC8C92641AE0900724C6F /* Main.storyboard */; };
		78CDC8DC2641AF1F00724C6F /* TabService.swift in Sources */ = {isa = PBXBuildFile; fileRef = 78CDC8DB2641AF1F00724C6F /* TabService.swift */; };
		78CDC8DF2641AF2D00724C6F /* NotificationToken.swift in Sources */ = {isa = PBXBuildFile; fileRef = 78CDC8DE2641AF2D00724C6F /* NotificationToken.swift */; };
		78CDC8E22641AF3C00724C6F /* AppKitExtensions.swift in Sources */ = {isa = PBXBuildFile; fileRef = 78CDC8E12641AF3C00724C6F /* AppKitExtensions.swift */; };
		78CDC8E52641AF4800724C6F /* FoundationExtensions.swift in Sources */ = {isa = PBXBuildFile; fileRef = 78CDC8E42641AF4800724C6F /* FoundationExtensions.swift */; };
		78CDC8E82641AF6D00724C6F /* WindowController.swift in Sources */ = {isa = PBXBuildFile; fileRef = 78CDC8E72641AF6D00724C6F /* WindowController.swift */; };
/* End PBXBuildFile section */

/* Begin PBXFileReference section */
		78623ADC26459B3C005908C1 /* RobotoMono-Medium.ttf */ = {isa = PBXFileReference; lastKnownFileType = file; path = "RobotoMono-Medium.ttf"; sourceTree = "<group>"; };
		78AD68C32641BE9E0037CB4B /* SlashDoc.swift */ = {isa = PBXFileReference; lastKnownFileType = sourcecode.swift; path = SlashDoc.swift; sourceTree = "<group>"; };
		78AD68C62641BEC60037CB4B /* DocManager.swift */ = {isa = PBXFileReference; lastKnownFileType = sourcecode.swift; path = DocManager.swift; sourceTree = "<group>"; };
		78CDC8C02641AE0800724C6F /* Double Slash.app */ = {isa = PBXFileReference; explicitFileType = wrapper.application; includeInIndex = 0; path = "Double Slash.app"; sourceTree = BUILT_PRODUCTS_DIR; };
		78CDC8C32641AE0800724C6F /* AppDelegate.swift */ = {isa = PBXFileReference; lastKnownFileType = sourcecode.swift; path = AppDelegate.swift; sourceTree = "<group>"; };
		78CDC8C52641AE0800724C6F /* MainController.swift */ = {isa = PBXFileReference; lastKnownFileType = sourcecode.swift; path = MainController.swift; sourceTree = "<group>"; };
		78CDC8C72641AE0900724C6F /* Assets.xcassets */ = {isa = PBXFileReference; lastKnownFileType = folder.assetcatalog; path = Assets.xcassets; sourceTree = "<group>"; };
		78CDC8CA2641AE0900724C6F /* Base */ = {isa = PBXFileReference; lastKnownFileType = file.storyboard; name = Base; path = Base.lproj/Main.storyboard; sourceTree = "<group>"; };
		78CDC8CC2641AE0900724C6F /* Info.plist */ = {isa = PBXFileReference; lastKnownFileType = text.plist.xml; path = Info.plist; sourceTree = "<group>"; };
		78CDC8CD2641AE0900724C6F /* DoubleSlash.entitlements */ = {isa = PBXFileReference; lastKnownFileType = text.plist.entitlements; path = DoubleSlash.entitlements; sourceTree = "<group>"; };
		78CDC8DB2641AF1F00724C6F /* TabService.swift */ = {isa = PBXFileReference; lastKnownFileType = sourcecode.swift; path = TabService.swift; sourceTree = "<group>"; };
		78CDC8DE2641AF2D00724C6F /* NotificationToken.swift */ = {isa = PBXFileReference; lastKnownFileType = sourcecode.swift; path = NotificationToken.swift; sourceTree = "<group>"; };
		78CDC8E12641AF3C00724C6F /* AppKitExtensions.swift */ = {isa = PBXFileReference; lastKnownFileType = sourcecode.swift; path = AppKitExtensions.swift; sourceTree = "<group>"; };
		78CDC8E42641AF4800724C6F /* FoundationExtensions.swift */ = {isa = PBXFileReference; lastKnownFileType = sourcecode.swift; path = FoundationExtensions.swift; sourceTree = "<group>"; };
		78CDC8E72641AF6D00724C6F /* WindowController.swift */ = {isa = PBXFileReference; lastKnownFileType = sourcecode.swift; path = WindowController.swift; sourceTree = "<group>"; };
/* End PBXFileReference section */

/* Begin PBXFrameworksBuildPhase section */
		78CDC8BD2641AE0800724C6F /* Frameworks */ = {
			isa = PBXFrameworksBuildPhase;
			buildActionMask = 2147483647;
			files = (
			);
			runOnlyForDeploymentPostprocessing = 0;
		};
/* End PBXFrameworksBuildPhase section */

/* Begin PBXGroup section */
		78623ADB26459B27005908C1 /* Fonts */ = {
			isa = PBXGroup;
			children = (
				78623ADC26459B3C005908C1 /* RobotoMono-Medium.ttf */,
			);
			path = Fonts;
			sourceTree = "<group>";
		};
		78AD68C22641BE280037CB4B /* Data */ = {
			isa = PBXGroup;
			children = (
				78AD68C62641BEC60037CB4B /* DocManager.swift */,
				78AD68C32641BE9E0037CB4B /* SlashDoc.swift */,
			);
			path = Data;
			sourceTree = "<group>";
		};
		78CDC8B72641AE0800724C6F = {
			isa = PBXGroup;
			children = (
				78CDC8C22641AE0800724C6F /* DoubleSlash */,
				78CDC8C12641AE0800724C6F /* Products */,
			);
			sourceTree = "<group>";
		};
		78CDC8C12641AE0800724C6F /* Products */ = {
			isa = PBXGroup;
			children = (
				78CDC8C02641AE0800724C6F /* Double Slash.app */,
			);
			name = Products;
			sourceTree = "<group>";
		};
		78CDC8C22641AE0800724C6F /* DoubleSlash */ = {
			isa = PBXGroup;
			children = (
				78CDC8D52641AE3800724C6F /* AppDelegate */,
				78CDC8D62641AE3F00724C6F /* ViewControllers */,
				78CDC8D82641AE4900724C6F /* TabHandling */,
				78AD68C22641BE280037CB4B /* Data */,
				78CDC8D72641AE4400724C6F /* Extensions */,
				78CDC8D42641AE2F00724C6F /* Resources */,
			);
			path = DoubleSlash;
			sourceTree = "<group>";
		};
		78CDC8D42641AE2F00724C6F /* Resources */ = {
			isa = PBXGroup;
			children = (
				78623ADB26459B27005908C1 /* Fonts */,
				78CDC8C72641AE0900724C6F /* Assets.xcassets */,
				78CDC8CC2641AE0900724C6F /* Info.plist */,
				78CDC8CD2641AE0900724C6F /* DoubleSlash.entitlements */,
			);
			name = Resources;
			sourceTree = "<group>";
		};
		78CDC8D52641AE3800724C6F /* AppDelegate */ = {
			isa = PBXGroup;
			children = (
				78CDC8C32641AE0800724C6F /* AppDelegate.swift */,
			);
			path = AppDelegate;
			sourceTree = "<group>";
		};
		78CDC8D62641AE3F00724C6F /* ViewControllers */ = {
			isa = PBXGroup;
			children = (
				78CDC8C92641AE0900724C6F /* Main.storyboard */,
				78CDC8E72641AF6D00724C6F /* WindowController.swift */,
				78CDC8C52641AE0800724C6F /* MainController.swift */,
			);
			path = ViewControllers;
			sourceTree = "<group>";
		};
		78CDC8D72641AE4400724C6F /* Extensions */ = {
			isa = PBXGroup;
			children = (
				78CDC8E12641AF3C00724C6F /* AppKitExtensions.swift */,
				78CDC8E42641AF4800724C6F /* FoundationExtensions.swift */,
			);
			path = Extensions;
			sourceTree = "<group>";
		};
		78CDC8D82641AE4900724C6F /* TabHandling */ = {
			isa = PBXGroup;
			children = (
				78CDC8DB2641AF1F00724C6F /* TabService.swift */,
				78CDC8DE2641AF2D00724C6F /* NotificationToken.swift */,
			);
			path = TabHandling;
			sourceTree = "<group>";
		};
/* End PBXGroup section */

/* Begin PBXNativeTarget section */
		78CDC8BF2641AE0800724C6F /* DoubleSlash */ = {
			isa = PBXNativeTarget;
			buildConfigurationList = 78CDC8D02641AE0900724C6F /* Build configuration list for PBXNativeTarget "DoubleSlash" */;
			buildPhases = (
				78CDC8BC2641AE0800724C6F /* Sources */,
				78CDC8BD2641AE0800724C6F /* Frameworks */,
				78CDC8BE2641AE0800724C6F /* Resources */,
			);
			buildRules = (
			);
			dependencies = (
			);
			name = DoubleSlash;
			productName = DoubleSlash;
			productReference = 78CDC8C02641AE0800724C6F /* Double Slash.app */;
			productType = "com.apple.product-type.application";
		};
/* End PBXNativeTarget section */

/* Begin PBXProject section */
		78CDC8B82641AE0800724C6F /* Project object */ = {
			isa = PBXProject;
			attributes = {
				LastSwiftUpdateCheck = 1230;
				LastUpgradeCheck = 1230;
				TargetAttributes = {
					78CDC8BF2641AE0800724C6F = {
						CreatedOnToolsVersion = 12.3;
					};
				};
			};
			buildConfigurationList = 78CDC8BB2641AE0800724C6F /* Build configuration list for PBXProject "DoubleSlash" */;
			compatibilityVersion = "Xcode 9.3";
			developmentRegion = en;
			hasScannedForEncodings = 0;
			knownRegions = (
				en,
				Base,
			);
			mainGroup = 78CDC8B72641AE0800724C6F;
			productRefGroup = 78CDC8C12641AE0800724C6F /* Products */;
			projectDirPath = "";
			projectRoot = "";
			targets = (
				78CDC8BF2641AE0800724C6F /* DoubleSlash */,
			);
		};
/* End PBXProject section */

/* Begin PBXResourcesBuildPhase section */
		78CDC8BE2641AE0800724C6F /* Resources */ = {
			isa = PBXResourcesBuildPhase;
			buildActionMask = 2147483647;
			files = (
				78CDC8C82641AE0900724C6F /* Assets.xcassets in Resources */,
				78623ADD26459B3C005908C1 /* RobotoMono-Medium.ttf in Resources */,
				78CDC8CB2641AE0900724C6F /* Main.storyboard in Resources */,
			);
			runOnlyForDeploymentPostprocessing = 0;
		};
/* End PBXResourcesBuildPhase section */

/* Begin PBXSourcesBuildPhase section */
		78CDC8BC2641AE0800724C6F /* Sources */ = {
			isa = PBXSourcesBuildPhase;
			buildActionMask = 2147483647;
			files = (
				78CDC8DC2641AF1F00724C6F /* TabService.swift in Sources */,
				78CDC8C62641AE0800724C6F /* MainController.swift in Sources */,
				78AD68C42641BE9E0037CB4B /* SlashDoc.swift in Sources */,
				78CDC8E52641AF4800724C6F /* FoundationExtensions.swift in Sources */,
				78CDC8E82641AF6D00724C6F /* WindowController.swift in Sources */,
				78CDC8DF2641AF2D00724C6F /* NotificationToken.swift in Sources */,
				78AD68C72641BEC60037CB4B /* DocManager.swift in Sources */,
				78CDC8E22641AF3C00724C6F /* AppKitExtensions.swift in Sources */,
				78CDC8C42641AE0800724C6F /* AppDelegate.swift in Sources */,
			);
			runOnlyForDeploymentPostprocessing = 0;
		};
/* End PBXSourcesBuildPhase section */

/* Begin PBXVariantGroup section */
		78CDC8C92641AE0900724C6F /* Main.storyboard */ = {
			isa = PBXVariantGroup;
			children = (
				78CDC8CA2641AE0900724C6F /* Base */,
			);
			name = Main.storyboard;
			sourceTree = "<group>";
		};
/* End PBXVariantGroup section */

/* Begin XCBuildConfiguration section */
		78CDC8CE2641AE0900724C6F /* Debug */ = {
			isa = XCBuildConfiguration;
			buildSettings = {
				ALWAYS_SEARCH_USER_PATHS = NO;
				CLANG_ANALYZER_NONNULL = YES;
				CLANG_ANALYZER_NUMBER_OBJECT_CONVERSION = YES_AGGRESSIVE;
				CLANG_CXX_LANGUAGE_STANDARD = "gnu++14";
				CLANG_CXX_LIBRARY = "libc++";
				CLANG_ENABLE_MODULES = YES;
				CLANG_ENABLE_OBJC_ARC = YES;
				CLANG_ENABLE_OBJC_WEAK = YES;
				CLANG_WARN_BLOCK_CAPTURE_AUTORELEASING = YES;
				CLANG_WARN_BOOL_CONVERSION = YES;
				CLANG_WARN_COMMA = YES;
				CLANG_WARN_CONSTANT_CONVERSION = YES;
				CLANG_WARN_DEPRECATED_OBJC_IMPLEMENTATIONS = YES;
				CLANG_WARN_DIRECT_OBJC_ISA_USAGE = YES_ERROR;
				CLANG_WARN_DOCUMENTATION_COMMENTS = YES;
				CLANG_WARN_EMPTY_BODY = YES;
				CLANG_WARN_ENUM_CONVERSION = YES;
				CLANG_WARN_INFINITE_RECURSION = YES;
				CLANG_WARN_INT_CONVERSION = YES;
				CLANG_WARN_NON_LITERAL_NULL_CONVERSION = YES;
				CLANG_WARN_OBJC_IMPLICIT_RETAIN_SELF = YES;
				CLANG_WARN_OBJC_LITERAL_CONVERSION = YES;
				CLANG_WARN_OBJC_ROOT_CLASS = YES_ERROR;
				CLANG_WARN_QUOTED_INCLUDE_IN_FRAMEWORK_HEADER = YES;
				CLANG_WARN_RANGE_LOOP_ANALYSIS = YES;
				CLANG_WARN_STRICT_PROTOTYPES = YES;
				CLANG_WARN_SUSPICIOUS_MOVE = YES;
				CLANG_WARN_UNGUARDED_AVAILABILITY = YES_AGGRESSIVE;
				CLANG_WARN_UNREACHABLE_CODE = YES;
				CLANG_WARN__DUPLICATE_METHOD_MATCH = YES;
				COPY_PHASE_STRIP = NO;
				DEBUG_INFORMATION_FORMAT = dwarf;
				ENABLE_STRICT_OBJC_MSGSEND = YES;
				ENABLE_TESTABILITY = YES;
				GCC_C_LANGUAGE_STANDARD = gnu11;
				GCC_DYNAMIC_NO_PIC = NO;
				GCC_NO_COMMON_BLOCKS = YES;
				GCC_OPTIMIZATION_LEVEL = 0;
				GCC_PREPROCESSOR_DEFINITIONS = (
					"DEBUG=1",
					"$(inherited)",
				);
				GCC_WARN_64_TO_32_BIT_CONVERSION = YES;
				GCC_WARN_ABOUT_RETURN_TYPE = YES_ERROR;
				GCC_WARN_UNDECLARED_SELECTOR = YES;
				GCC_WARN_UNINITIALIZED_AUTOS = YES_AGGRESSIVE;
				GCC_WARN_UNUSED_FUNCTION = YES;
				GCC_WARN_UNUSED_VARIABLE = YES;
				MACOSX_DEPLOYMENT_TARGET = 10.15;
				MTL_ENABLE_DEBUG_INFO = INCLUDE_SOURCE;
				MTL_FAST_MATH = YES;
				ONLY_ACTIVE_ARCH = YES;
				SDKROOT = macosx;
				SWIFT_ACTIVE_COMPILATION_CONDITIONS = DEBUG;
				SWIFT_OPTIMIZATION_LEVEL = "-Onone";
			};
			name = Debug;
		};
		78CDC8CF2641AE0900724C6F /* Release */ = {
			isa = XCBuildConfiguration;
			buildSettings = {
				ALWAYS_SEARCH_USER_PATHS = NO;
				CLANG_ANALYZER_NONNULL = YES;
				CLANG_ANALYZER_NUMBER_OBJECT_CONVERSION = YES_AGGRESSIVE;
				CLANG_CXX_LANGUAGE_STANDARD = "gnu++14";
				CLANG_CXX_LIBRARY = "libc++";
				CLANG_ENABLE_MODULES = YES;
				CLANG_ENABLE_OBJC_ARC = YES;
				CLANG_ENABLE_OBJC_WEAK = YES;
				CLANG_WARN_BLOCK_CAPTURE_AUTORELEASING = YES;
				CLANG_WARN_BOOL_CONVERSION = YES;
				CLANG_WARN_COMMA = YES;
				CLANG_WARN_CONSTANT_CONVERSION = YES;
				CLANG_WARN_DEPRECATED_OBJC_IMPLEMENTATIONS = YES;
				CLANG_WARN_DIRECT_OBJC_ISA_USAGE = YES_ERROR;
				CLANG_WARN_DOCUMENTATION_COMMENTS = YES;
				CLANG_WARN_EMPTY_BODY = YES;
				CLANG_WARN_ENUM_CONVERSION = YES;
				CLANG_WARN_INFINITE_RECURSION = YES;
				CLANG_WARN_INT_CONVERSION = YES;
				CLANG_WARN_NON_LITERAL_NULL_CONVERSION = YES;
				CLANG_WARN_OBJC_IMPLICIT_RETAIN_SELF = YES;
				CLANG_WARN_OBJC_LITERAL_CONVERSION = YES;
				CLANG_WARN_OBJC_ROOT_CLASS = YES_ERROR;
				CLANG_WARN_QUOTED_INCLUDE_IN_FRAMEWORK_HEADER = YES;
				CLANG_WARN_RANGE_LOOP_ANALYSIS = YES;
				CLANG_WARN_STRICT_PROTOTYPES = YES;
				CLANG_WARN_SUSPICIOUS_MOVE = YES;
				CLANG_WARN_UNGUARDED_AVAILABILITY = YES_AGGRESSIVE;
				CLANG_WARN_UNREACHABLE_CODE = YES;
				CLANG_WARN__DUPLICATE_METHOD_MATCH = YES;
				COPY_PHASE_STRIP = NO;
				DEBUG_INFORMATION_FORMAT = "dwarf-with-dsym";
				ENABLE_NS_ASSERTIONS = NO;
				ENABLE_STRICT_OBJC_MSGSEND = YES;
				GCC_C_LANGUAGE_STANDARD = gnu11;
				GCC_NO_COMMON_BLOCKS = YES;
				GCC_WARN_64_TO_32_BIT_CONVERSION = YES;
				GCC_WARN_ABOUT_RETURN_TYPE = YES_ERROR;
				GCC_WARN_UNDECLARED_SELECTOR = YES;
				GCC_WARN_UNINITIALIZED_AUTOS = YES_AGGRESSIVE;
				GCC_WARN_UNUSED_FUNCTION = YES;
				GCC_WARN_UNUSED_VARIABLE = YES;
				MACOSX_DEPLOYMENT_TARGET = 10.15;
				MTL_ENABLE_DEBUG_INFO = NO;
				MTL_FAST_MATH = YES;
				SDKROOT = macosx;
				SWIFT_COMPILATION_MODE = wholemodule;
				SWIFT_OPTIMIZATION_LEVEL = "-O";
			};
			name = Release;
		};
		78CDC8D12641AE0900724C6F /* Debug */ = {
			isa = XCBuildConfiguration;
			buildSettings = {
				ASSETCATALOG_COMPILER_APPICON_NAME = AppIcon;
				ASSETCATALOG_COMPILER_GLOBAL_ACCENT_COLOR_NAME = AccentColor;
				CODE_SIGN_ENTITLEMENTS = DoubleSlash/DoubleSlash.entitlements;
				CODE_SIGN_STYLE = Automatic;
				COMBINE_HIDPI_IMAGES = YES;
				CURRENT_PROJECT_VERSION = 17;
				DEVELOPMENT_TEAM = MJA8334VZT;
				ENABLE_HARDENED_RUNTIME = YES;
				INFOPLIST_FILE = DoubleSlash/Info.plist;
				LD_RUNPATH_SEARCH_PATHS = (
					"$(inherited)",
					"@executable_path/../Frameworks",
				);
				PRODUCT_BUNDLE_IDENTIFIER = com.zigamajiag.DoubleSlash;
				PRODUCT_NAME = "Double Slash";
				SWIFT_VERSION = 5.0;
			};
			name = Debug;
		};
		78CDC8D22641AE0900724C6F /* Release */ = {
			isa = XCBuildConfiguration;
			buildSettings = {
				ASSETCATALOG_COMPILER_APPICON_NAME = AppIcon;
				ASSETCATALOG_COMPILER_GLOBAL_ACCENT_COLOR_NAME = AccentColor;
				CODE_SIGN_ENTITLEMENTS = DoubleSlash/DoubleSlash.entitlements;
				CODE_SIGN_STYLE = Automatic;
				COMBINE_HIDPI_IMAGES = YES;
				CURRENT_PROJECT_VERSION = 17;
				DEVELOPMENT_TEAM = MJA8334VZT;
				ENABLE_HARDENED_RUNTIME = YES;
				INFOPLIST_FILE = DoubleSlash/Info.plist;
				LD_RUNPATH_SEARCH_PATHS = (
					"$(inherited)",
					"@executable_path/../Frameworks",
				);
				PRODUCT_BUNDLE_IDENTIFIER = com.zigamajiag.DoubleSlash;
				PRODUCT_NAME = "Double Slash";
				SWIFT_VERSION = 5.0;
			};
			name = Release;
		};
/* End XCBuildConfiguration section */

/* Begin XCConfigurationList section */
		78CDC8BB2641AE0800724C6F /* Build configuration list for PBXProject "DoubleSlash" */ = {
			isa = XCConfigurationList;
			buildConfigurations = (
				78CDC8CE2641AE0900724C6F /* Debug */,
				78CDC8CF2641AE0900724C6F /* Release */,
			);
			defaultConfigurationIsVisible = 0;
			defaultConfigurationName = Release;
		};
		78CDC8D02641AE0900724C6F /* Build configuration list for PBXNativeTarget "DoubleSlash" */ = {
			isa = XCConfigurationList;
			buildConfigurations = (
				78CDC8D12641AE0900724C6F /* Debug */,
				78CDC8D22641AE0900724C6F /* Release */,
			);
			defaultConfigurationIsVisible = 0;
			defaultConfigurationName = Release;
		};
/* End XCConfigurationList section */
	};
	rootObject = 78CDC8B82641AE0800724C6F /* Project object */;
}
